{
  "name": "@company/awesome-cli",
  "version": "0.0.1",
  "lockfileVersion": 3,
  "requires": true,
  "packages": {
    "": {
      "name": "@company/awesome-cli",
      "version": "0.0.1",
      "license": "MIT",
      "dependencies": {
        "@ideascol/cli-maker": "^1.5.11"
      },
      "bin": {
        "awesome-cli": "dist/bin/cli.js"
      },
      "devDependencies": {
        "@types/node": "^20.14.11",
        "typescript": "^5.5.3"
      },
      "engines": {
        "node": ">=20.15.1"
      }
    },
    "node_modules/@ideascol/cli-maker": {
      "version": "1.5.11",
      "resolved": "https://registry.npmjs.org/@ideascol/cli-maker/-/cli-maker-1.5.11.tgz",
      "integrity": "sha512-3MT7sfjBuTFs+IF3bK3BX86RqkstsMZPue8Y5qmx0PUEiSRgsaSsKWt+p1LQ/S96h+8IqF907HOujIZOnvAHXw==",
      "bin": {
        "cli-maker": "dist/bin/cli.js"
      }
    },
    "node_modules/@types/node": {
      "version": "20.14.11",
      "resolved": "https://registry.npmjs.org/@types/node/-/node-20.14.11.tgz",
      "integrity": "sha512-kprQpL8MMeszbz6ojB5/tU8PLN4kesnN8Gjzw349rDlNgsSzg90lAVj3llK99Dh7JON+t9AuscPPFW6mPbTnSA==",
      "dev": true,
      "dependencies": {
        "undici-types": "~5.26.4"
      }
    },
    "node_modules/typescript": {
      "version": "5.5.3",
      "resolved": "https://registry.npmjs.org/typescript/-/typescript-5.5.3.tgz",
      "integrity": "sha512-/hreyEujaB0w76zKo6717l3L0o/qEUtRgdvUBvlkhoWeOVMjMuHNHk0BRBzikzuGDqNmPQbg5ifMEqsHLiIUcQ==",
      "dev": true,
      "bin": {
        "tsc": "bin/tsc",
        "tsserver": "bin/tsserver"
      },
      "engines": {
        "node": ">=14.17"
      }
    },
    "node_modules/undici-types": {
      "version": "5.26.5",
      "resolved": "https://registry.npmjs.org/undici-types/-/undici-types-5.26.5.tgz",
      "integrity": "sha512-JlCMO+ehdEIKqlFxk6IfVoAUVmgz7cU7zD/h9XZ0qzeosSHmUJVOzSQvvYSYWXkFXC+IfLKSIffhv0sVZup6pA==",
      "dev": true
    }
  }
}
